<Solution>
  <Folder Name="/src/">
    <Project Path="src/ServerManager.Domain/ServerManager.Domain.csproj" />
    <Project Path="src/ServerManager.Application/ServerManager.Application.csproj" />
    <Project Path="src/ServerManager.Infrastructure/ServerManager.Infrastructure.csproj" />
    <Project Path="src/ServerManager.Web.Framework/ServerManager.Web.Framework.csproj" />
    <Project Path="src/ServerManager.Web/ServerManager.Web.csproj" />
  </Folder>
  <Folder Name="/src/Plugins/">
    <Project Path="src/Plugins/ServerManager.Plugin.DevOps.Dokploy/ServerManager.Plugin.DevOps.Dokploy.csproj" />
    <Project Path="src/Plugins/ServerManager.Plugin.Git.GitHub/ServerManager.Plugin.Git.GitHub.csproj" />
  </Folder>
  <Folder Name="/tests/">
    <Project Path="tests/ServerManager.Application.Tests/ServerManager.Application.Tests.csproj" />
    <Project Path="tests/ServerManager.Plugin.DevOps.Dokploy.Tests/ServerManager.Plugin.DevOps.Dokploy.Tests.csproj" />
    <Project Path="tests/ServerManager.Plugin.Git.GitHub.Tests/ServerManager.Plugin.Git.GitHub.Tests.csproj" />
  </Folder>
</Solution>
